
Microsoft Visual Studio Solution File, Format Version 12.00
# Visual Studio Version 17
VisualStudioVersion = 17.3.32825.248
MinimumVisualStudioVersion = 10.0.40219.1
Project("{FAE04EC0-301F-11D3-BF4B-00C04F79EFBC}") = "Activity 5", "Activity 5\Activity 5.csproj", "{B3BDD833-0B72-4C23-B8C4-0CB9F6727528}"
EndProject
Global
	GlobalSection(SolutionConfigurationPlatforms) = preSolution
		Debug|Any CPU = Debug|Any CPU
		Release|Any CPU = Release|Any CPU
	EndGlobalSection
	GlobalSection(ProjectConfigurationPlatforms) = postSolution
		{B3BDD833-0B72-4C23-B8C4-0CB9F6727528}.Debug|Any CPU.ActiveCfg = Debug|Any CPU
		{B3BDD833-0B72-4C23-B8C4-0CB9F6727528}.Debug|Any CPU.Build.0 = Debug|Any CPU
		{B3BDD833-0B72-4C23-B8C4-0CB9F6727528}.Release|Any CPU.ActiveCfg = Release|Any CPU
		{B3BDD833-0B72-4C23-B8C4-0CB9F6727528}.Release|Any CPU.Build.0 = Release|Any CPU
	EndGlobalSection
	GlobalSection(SolutionProperties) = preSolution
		HideSolutionNode = FALSE
	EndGlobalSection
	GlobalSection(ExtensibilityGlobals) = postSolution
		SolutionGuid = {90A095FF-D274-4344-BDED-C8C73B352D98}
	EndGlobalSection
EndGlobal
